// !$*UTF8*$!
{
	archiveVersion = 1;
	classes = {
	};
	objectVersion = 46;
	objects = {

/* Begin PBXBuildFile section */
		030A75911B0B270A008753C8 /* Banner1.png in Resources */ = {isa = PBXBuildFile; fileRef = 030A758E1B0B270A008753C8 /* Banner1.png */; };
		030A75921B0B270A008753C8 /* Banner2.png in Resources */ = {isa = PBXBuildFile; fileRef = 030A758F1B0B270A008753C8 /* Banner2.png */; };
		030A75931B0B270A008753C8 /* Banner3.png in Resources */ = {isa = PBXBuildFile; fileRef = 030A75901B0B270A008753C8 /* Banner3.png */; };
		030A75971B0B3E53008753C8 /* YCBaoKuanCollectionViewCell.m in Sources */ = {isa = PBXBuildFile; fileRef = 030A75961B0B3E53008753C8 /* YCBaoKuanCollectionViewCell.m */; };
		030A759B1B0B3F88008753C8 /* YCBaoKuanEntity.m in Sources */ = {isa = PBXBuildFile; fileRef = 030A759A1B0B3F88008753C8 /* YCBaoKuanEntity.m */; };
		030A759F1B0B41ED008753C8 /* YCBannerService.m in Sources */ = {isa = PBXBuildFile; fileRef = 030A759E1B0B41ED008753C8 /* YCBannerService.m */; };
		030A75A21B0B4211008753C8 /* YCCarService.m in Sources */ = {isa = PBXBuildFile; fileRef = 030A75A11B0B4211008753C8 /* YCCarService.m */; };
		03242C3D1B0C5764006E8B82 /* AppKeFuResources.bundle in Resources */ = {isa = PBXBuildFile; fileRef = 03242C3A1B0C5764006E8B82 /* AppKeFuResources.bundle */; };
		03242C3E1B0C5764006E8B82 /* libAppKeFuLib.a in Frameworks */ = {isa = PBXBuildFile; fileRef = 03242C3B1B0C5764006E8B82 /* libAppKeFuLib.a */; };
		03242C411B0C5803006E8B82 /* libxml2.dylib in Frameworks */ = {isa = PBXBuildFile; fileRef = 03242C401B0C5803006E8B82 /* libxml2.dylib */; };
		03242C431B0C5814006E8B82 /* libresolv.dylib in Frameworks */ = {isa = PBXBuildFile; fileRef = 03242C421B0C5814006E8B82 /* libresolv.dylib */; };
		03242C451B0C581F006E8B82 /* SystemConfiguration.framework in Frameworks */ = {isa = PBXBuildFile; fileRef = 03242C441B0C581F006E8B82 /* SystemConfiguration.framework */; };
		03242C471B0C5827006E8B82 /* CoreLocation.framework in Frameworks */ = {isa = PBXBuildFile; fileRef = 03242C461B0C5827006E8B82 /* CoreLocation.framework */; };
		03242C491B0C5830006E8B82 /* CoreData.framework in Frameworks */ = {isa = PBXBuildFile; fileRef = 03242C481B0C5830006E8B82 /* CoreData.framework */; };
		03242C4B1B0C5842006E8B82 /* AVFoundation.framework in Frameworks */ = {isa = PBXBuildFile; fileRef = 03242C4A1B0C5842006E8B82 /* AVFoundation.framework */; };
		03242C4D1B0C584A006E8B82 /* AudioToolbox.framework in Frameworks */ = {isa = PBXBuildFile; fileRef = 03242C4C1B0C584A006E8B82 /* AudioToolbox.framework */; };
		03242C4F1B0C585C006E8B82 /* libiconv.dylib in Frameworks */ = {isa = PBXBuildFile; fileRef = 03242C4E1B0C585C006E8B82 /* libiconv.dylib */; };
		03952DD91B05CA120055D36B /* main.m in Sources */ = {isa = PBXBuildFile; fileRef = 03952DD81B05CA120055D36B /* main.m */; };
		03952DDC1B05CA120055D36B /* AppDelegate.m in Sources */ = {isa = PBXBuildFile; fileRef = 03952DDB1B05CA120055D36B /* AppDelegate.m */; };
		03952DE51B05CA120055D36B /* Main.storyboard in Resources */ = {isa = PBXBuildFile; fileRef = 03952DE31B05CA120055D36B /* Main.storyboard */; };
		03952DE71B05CA120055D36B /* Images.xcassets in Resources */ = {isa = PBXBuildFile; fileRef = 03952DE61B05CA120055D36B /* Images.xcassets */; };
		03952DF61B05CA130055D36B /* YCCQTests.m in Sources */ = {isa = PBXBuildFile; fileRef = 03952DF51B05CA130055D36B /* YCCQTests.m */; };
		03952E011B05DED00055D36B /* YCHomeViewController.m in Sources */ = {isa = PBXBuildFile; fileRef = 03952E001B05DED00055D36B /* YCHomeViewController.m */; };
/* End PBXBuildFile section */

/* Begin PBXContainerItemProxy section */
		03952DF01B05CA130055D36B /* PBXContainerItemProxy */ = {
			isa = PBXContainerItemProxy;
			containerPortal = 03952DCB1B05CA120055D36B /* Project object */;
			proxyType = 1;
			remoteGlobalIDString = 03952DD21B05CA120055D36B;
			remoteInfo = YCCQ;
		};
/* End PBXContainerItemProxy section */

/* Begin PBXFileReference section */
		030A758E1B0B270A008753C8 /* Banner1.png */ = {isa = PBXFileReference; lastKnownFileType = image.png; path = Banner1.png; sourceTree = "<group>"; };
		030A758F1B0B270A008753C8 /* Banner2.png */ = {isa = PBXFileReference; lastKnownFileType = image.png; path = Banner2.png; sourceTree = "<group>"; };
		030A75901B0B270A008753C8 /* Banner3.png */ = {isa = PBXFileReference; lastKnownFileType = image.png; path = Banner3.png; sourceTree = "<group>"; };
		030A75951B0B3E53008753C8 /* YCBaoKuanCollectionViewCell.h */ = {isa = PBXFileReference; fileEncoding = 4; lastKnownFileType = sourcecode.c.h; path = YCBaoKuanCollectionViewCell.h; sourceTree = "<group>"; };
		030A75961B0B3E53008753C8 /* YCBaoKuanCollectionViewCell.m */ = {isa = PBXFileReference; fileEncoding = 4; lastKnownFileType = sourcecode.c.objc; path = YCBaoKuanCollectionViewCell.m; sourceTree = "<group>"; };
		030A75991B0B3F88008753C8 /* YCBaoKuanEntity.h */ = {isa = PBXFileReference; fileEncoding = 4; lastKnownFileType = sourcecode.c.h; path = YCBaoKuanEntity.h; sourceTree = "<group>"; };
		030A759A1B0B3F88008753C8 /* YCBaoKuanEntity.m */ = {isa = PBXFileReference; fileEncoding = 4; lastKnownFileType = sourcecode.c.objc; path = YCBaoKuanEntity.m; sourceTree = "<group>"; };
		030A759D1B0B41ED008753C8 /* YCBannerService.h */ = {isa = PBXFileReference; fileEncoding = 4; lastKnownFileType = sourcecode.c.h; path = YCBannerService.h; sourceTree = "<group>"; };
		030A759E1B0B41ED008753C8 /* YCBannerService.m */ = {isa = PBXFileReference; fileEncoding = 4; lastKnownFileType = sourcecode.c.objc; path = YCBannerService.m; sourceTree = "<group>"; };
		030A75A01B0B4211008753C8 /* YCCarService.h */ = {isa = PBXFileReference; fileEncoding = 4; lastKnownFileType = sourcecode.c.h; path = YCCarService.h; sourceTree = "<group>"; };
		030A75A11B0B4211008753C8 /* YCCarService.m */ = {isa = PBXFileReference; fileEncoding = 4; lastKnownFileType = sourcecode.c.objc; path = YCCarService.m; sourceTree = "<group>"; };
		031E1DFA1B0DBEB600FA2F47 /* UtilDefine.h */ = {isa = PBXFileReference; lastKnownFileType = sourcecode.c.h; path = UtilDefine.h; sourceTree = "<group>"; };
		03242C391B0C5764006E8B82 /* AppKeFuLib.h */ = {isa = PBXFileReference; fileEncoding = 4; lastKnownFileType = sourcecode.c.h; path = AppKeFuLib.h; sourceTree = "<group>"; };
		03242C3A1B0C5764006E8B82 /* AppKeFuResources.bundle */ = {isa = PBXFileReference; lastKnownFileType = "wrapper.plug-in"; path = AppKeFuResources.bundle; sourceTree = "<group>"; };
		03242C3B1B0C5764006E8B82 /* libAppKeFuLib.a */ = {isa = PBXFileReference; lastKnownFileType = archive.ar; path = libAppKeFuLib.a; sourceTree = "<group>"; };
		03242C401B0C5803006E8B82 /* libxml2.dylib */ = {isa = PBXFileReference; lastKnownFileType = "compiled.mach-o.dylib"; name = libxml2.dylib; path = usr/lib/libxml2.dylib; sourceTree = SDKROOT; };
		03242C421B0C5814006E8B82 /* libresolv.dylib */ = {isa = PBXFileReference; lastKnownFileType = "compiled.mach-o.dylib"; name = libresolv.dylib; path = usr/lib/libresolv.dylib; sourceTree = SDKROOT; };
		03242C441B0C581F006E8B82 /* SystemConfiguration.framework */ = {isa = PBXFileReference; lastKnownFileType = wrapper.framework; name = SystemConfiguration.framework; path = System/Library/Frameworks/SystemConfiguration.framework; sourceTree = SDKROOT; };
		03242C461B0C5827006E8B82 /* CoreLocation.framework */ = {isa = PBXFileReference; lastKnownFileType = wrapper.framework; name = CoreLocation.framework; path = System/Library/Frameworks/CoreLocation.framework; sourceTree = SDKROOT; };
		03242C481B0C5830006E8B82 /* CoreData.framework */ = {isa = PBXFileReference; lastKnownFileType = wrapper.framework; name = CoreData.framework; path = System/Library/Frameworks/CoreData.framework; sourceTree = SDKROOT; };
		03242C4A1B0C5842006E8B82 /* AVFoundation.framework */ = {isa = PBXFileReference; lastKnownFileType = wrapper.framework; name = AVFoundation.framework; path = System/Library/Frameworks/AVFoundation.framework; sourceTree = SDKROOT; };
		03242C4C1B0C584A006E8B82 /* AudioToolbox.framework */ = {isa = PBXFileReference; lastKnownFileType = wrapper.framework; name = AudioToolbox.framework; path = System/Library/Frameworks/AudioToolbox.framework; sourceTree = SDKROOT; };
		03242C4E1B0C585C006E8B82 /* libiconv.dylib */ = {isa = PBXFileReference; lastKnownFileType = "compiled.mach-o.dylib"; name = libiconv.dylib; path = usr/lib/libiconv.dylib; sourceTree = SDKROOT; };
		03952DD31B05CA120055D36B /* YCCQ.app */ = {isa = PBXFileReference; explicitFileType = wrapper.application; includeInIndex = 0; path = YCCQ.app; sourceTree = BUILT_PRODUCTS_DIR; };
		03952DD71B05CA120055D36B /* Info.plist */ = {isa = PBXFileReference; lastKnownFileType = text.plist.xml; path = Info.plist; sourceTree = "<group>"; };
		03952DD81B05CA120055D36B /* main.m */ = {isa = PBXFileReference; lastKnownFileType = sourcecode.c.objc; path = main.m; sourceTree = "<group>"; };
		03952DDA1B05CA120055D36B /* AppDelegate.h */ = {isa = PBXFileReference; lastKnownFileType = sourcecode.c.h; path = AppDelegate.h; sourceTree = "<group>"; };
		03952DDB1B05CA120055D36B /* AppDelegate.m */ = {isa = PBXFileReference; lastKnownFileType = sourcecode.c.objc; path = AppDelegate.m; sourceTree = "<group>"; };
		03952DE41B05CA120055D36B /* Base */ = {isa = PBXFileReference; lastKnownFileType = file.storyboard; name = Base; path = Base.lproj/Main.storyboard; sourceTree = "<group>"; };
		03952DE61B05CA120055D36B /* Images.xcassets */ = {isa = PBXFileReference; lastKnownFileType = folder.assetcatalog; path = Images.xcassets; sourceTree = "<group>"; };
		03952DEF1B05CA130055D36B /* YCCQTests.xctest */ = {isa = PBXFileReference; explicitFileType = wrapper.cfbundle; includeInIndex = 0; path = YCCQTests.xctest; sourceTree = BUILT_PRODUCTS_DIR; };
		03952DF41B05CA130055D36B /* Info.plist */ = {isa = PBXFileReference; lastKnownFileType = text.plist.xml; path = Info.plist; sourceTree = "<group>"; };
		03952DF51B05CA130055D36B /* YCCQTests.m */ = {isa = PBXFileReference; lastKnownFileType = sourcecode.c.objc; path = YCCQTests.m; sourceTree = "<group>"; };
		03952DFF1B05DED00055D36B /* YCHomeViewController.h */ = {isa = PBXFileReference; fileEncoding = 4; lastKnownFileType = sourcecode.c.h; path = YCHomeViewController.h; sourceTree = "<group>"; };
		03952E001B05DED00055D36B /* YCHomeViewController.m */ = {isa = PBXFileReference; fileEncoding = 4; lastKnownFileType = sourcecode.c.objc; path = YCHomeViewController.m; sourceTree = "<group>"; };
/* End PBXFileReference section */

/* Begin PBXFrameworksBuildPhase section */
		03952DD01B05CA120055D36B /* Frameworks */ = {
			isa = PBXFrameworksBuildPhase;
			buildActionMask = 2147483647;
			files = (
				03242C4F1B0C585C006E8B82 /* libiconv.dylib in Frameworks */,
				03242C4D1B0C584A006E8B82 /* AudioToolbox.framework in Frameworks */,
				03242C4B1B0C5842006E8B82 /* AVFoundation.framework in Frameworks */,
				03242C491B0C5830006E8B82 /* CoreData.framework in Frameworks */,
				03242C471B0C5827006E8B82 /* CoreLocation.framework in Frameworks */,
				03242C451B0C581F006E8B82 /* SystemConfiguration.framework in Frameworks */,
				03242C431B0C5814006E8B82 /* libresolv.dylib in Frameworks */,
				03242C411B0C5803006E8B82 /* libxml2.dylib in Frameworks */,
				03242C3E1B0C5764006E8B82 /* libAppKeFuLib.a in Frameworks */,
			);
			runOnlyForDeploymentPostprocessing = 0;
		};
		03952DEC1B05CA130055D36B /* Frameworks */ = {
			isa = PBXFrameworksBuildPhase;
			buildActionMask = 2147483647;
			files = (
			);
			runOnlyForDeploymentPostprocessing = 0;
		};
/* End PBXFrameworksBuildPhase section */

/* Begin PBXGroup section */
		030A758D1B0B270A008753C8 /* Resource */ = {
			isa = PBXGroup;
			children = (
				030A758E1B0B270A008753C8 /* Banner1.png */,
				030A758F1B0B270A008753C8 /* Banner2.png */,
				030A75901B0B270A008753C8 /* Banner3.png */,
			);
			path = Resource;
			sourceTree = "<group>";
		};
		030A75941B0B3E22008753C8 /* View */ = {
			isa = PBXGroup;
			children = (
				030A75951B0B3E53008753C8 /* YCBaoKuanCollectionViewCell.h */,
				030A75961B0B3E53008753C8 /* YCBaoKuanCollectionViewCell.m */,
			);
			path = View;
			sourceTree = "<group>";
		};
		030A75981B0B3F69008753C8 /* Entity */ = {
			isa = PBXGroup;
			children = (
				030A75991B0B3F88008753C8 /* YCBaoKuanEntity.h */,
				030A759A1B0B3F88008753C8 /* YCBaoKuanEntity.m */,
			);
			path = Entity;
			sourceTree = "<group>";
		};
		030A759C1B0B41D2008753C8 /* Service */ = {
			isa = PBXGroup;
			children = (
				030A759D1B0B41ED008753C8 /* YCBannerService.h */,
				030A759E1B0B41ED008753C8 /* YCBannerService.m */,
				030A75A01B0B4211008753C8 /* YCCarService.h */,
				030A75A11B0B4211008753C8 /* YCCarService.m */,
			);
			path = Service;
			sourceTree = "<group>";
		};
		03242C371B0C574B006E8B82 /* Lib */ = {
			isa = PBXGroup;
			children = (
				03242C4E1B0C585C006E8B82 /* libiconv.dylib */,
				03242C4C1B0C584A006E8B82 /* AudioToolbox.framework */,
				03242C4A1B0C5842006E8B82 /* AVFoundation.framework */,
				03242C481B0C5830006E8B82 /* CoreData.framework */,
				03242C461B0C5827006E8B82 /* CoreLocation.framework */,
				03242C441B0C581F006E8B82 /* SystemConfiguration.framework */,
				03242C421B0C5814006E8B82 /* libresolv.dylib */,
				03242C401B0C5803006E8B82 /* libxml2.dylib */,
				03242C381B0C5764006E8B82 /* AppKeFuLib */,
			);
			path = Lib;
			sourceTree = "<group>";
		};
		03242C381B0C5764006E8B82 /* AppKeFuLib */ = {
			isa = PBXGroup;
			children = (
				03242C391B0C5764006E8B82 /* AppKeFuLib.h */,
				03242C3A1B0C5764006E8B82 /* AppKeFuResources.bundle */,
				03242C3B1B0C5764006E8B82 /* libAppKeFuLib.a */,
			);
			path = AppKeFuLib;
			sourceTree = "<group>";
		};
		03952DCA1B05CA120055D36B = {
			isa = PBXGroup;
			children = (
				03952DD51B05CA120055D36B /* YCCQ */,
				03952DF21B05CA130055D36B /* YCCQTests */,
				03952DD41B05CA120055D36B /* Products */,
			);
			sourceTree = "<group>";
		};
		03952DD41B05CA120055D36B /* Products */ = {
			isa = PBXGroup;
			children = (
				03952DD31B05CA120055D36B /* YCCQ.app */,
				03952DEF1B05CA130055D36B /* YCCQTests.xctest */,
			);
			name = Products;
			sourceTree = "<group>";
		};
		03952DD51B05CA120055D36B /* YCCQ */ = {
			isa = PBXGroup;
			children = (
				031E1DFA1B0DBEB600FA2F47 /* UtilDefine.h */,
				03242C371B0C574B006E8B82 /* Lib */,
				030A759C1B0B41D2008753C8 /* Service */,
				030A75981B0B3F69008753C8 /* Entity */,
				030A75941B0B3E22008753C8 /* View */,
				030A758D1B0B270A008753C8 /* Resource */,
				03952DDA1B05CA120055D36B /* AppDelegate.h */,
				03952DDB1B05CA120055D36B /* AppDelegate.m */,
				03952DE31B05CA120055D36B /* Main.storyboard */,
				03952DE61B05CA120055D36B /* Images.xcassets */,
				03952DD61B05CA120055D36B /* Supporting Files */,
				03952DFF1B05DED00055D36B /* YCHomeViewController.h */,
				03952E001B05DED00055D36B /* YCHomeViewController.m */,
			);
			path = YCCQ;
			sourceTree = "<group>";
		};
		03952DD61B05CA120055D36B /* Supporting Files */ = {
			isa = PBXGroup;
			children = (
				03952DD71B05CA120055D36B /* Info.plist */,
				03952DD81B05CA120055D36B /* main.m */,
			);
			name = "Supporting Files";
			sourceTree = "<group>";
		};
		03952DF21B05CA130055D36B /* YCCQTests */ = {
			isa = PBXGroup;
			children = (
				03952DF51B05CA130055D36B /* YCCQTests.m */,
				03952DF31B05CA130055D36B /* Supporting Files */,
			);
			path = YCCQTests;
			sourceTree = "<group>";
		};
		03952DF31B05CA130055D36B /* Supporting Files */ = {
			isa = PBXGroup;
			children = (
				03952DF41B05CA130055D36B /* Info.plist */,
			);
			name = "Supporting Files";
			sourceTree = "<group>";
		};
/* End PBXGroup section */

/* Begin PBXNativeTarget section */
		03952DD21B05CA120055D36B /* YCCQ */ = {
			isa = PBXNativeTarget;
			buildConfigurationList = 03952DF91B05CA130055D36B /* Build configuration list for PBXNativeTarget "YCCQ" */;
			buildPhases = (
				03952DCF1B05CA120055D36B /* Sources */,
				03952DD01B05CA120055D36B /* Frameworks */,
				03952DD11B05CA120055D36B /* Resources */,
			);
			buildRules = (
			);
			dependencies = (
			);
			name = YCCQ;
			productName = YCCQ;
			productReference = 03952DD31B05CA120055D36B /* YCCQ.app */;
			productType = "com.apple.product-type.application";
		};
		03952DEE1B05CA130055D36B /* YCCQTests */ = {
			isa = PBXNativeTarget;
			buildConfigurationList = 03952DFC1B05CA130055D36B /* Build configuration list for PBXNativeTarget "YCCQTests" */;
			buildPhases = (
				03952DEB1B05CA130055D36B /* Sources */,
				03952DEC1B05CA130055D36B /* Frameworks */,
				03952DED1B05CA130055D36B /* Resources */,
			);
			buildRules = (
			);
			dependencies = (
				03952DF11B05CA130055D36B /* PBXTargetDependency */,
			);
			name = YCCQTests;
			productName = YCCQTests;
			productReference = 03952DEF1B05CA130055D36B /* YCCQTests.xctest */;
			productType = "com.apple.product-type.bundle.unit-test";
		};
/* End PBXNativeTarget section */

/* Begin PBXProject section */
		03952DCB1B05CA120055D36B /* Project object */ = {
			isa = PBXProject;
			attributes = {
				CLASSPREFIX = YC;
				LastUpgradeCheck = 0630;
				ORGANIZATIONNAME = Baisika;
				TargetAttributes = {
					03952DD21B05CA120055D36B = {
						CreatedOnToolsVersion = 6.3.1;
						DevelopmentTeam = ZZAGTE8AU9;
					};
					03952DEE1B05CA130055D36B = {
						CreatedOnToolsVersion = 6.3.1;
						TestTargetID = 03952DD21B05CA120055D36B;
					};
				};
			};
			buildConfigurationList = 03952DCE1B05CA120055D36B /* Build configuration list for PBXProject "YCCQ" */;
			compatibilityVersion = "Xcode 3.2";
			developmentRegion = English;
			hasScannedForEncodings = 0;
			knownRegions = (
				en,
				Base,
			);
			mainGroup = 03952DCA1B05CA120055D36B;
			productRefGroup = 03952DD41B05CA120055D36B /* Products */;
			projectDirPath = "";
			projectRoot = "";
			targets = (
				03952DD21B05CA120055D36B /* YCCQ */,
				03952DEE1B05CA130055D36B /* YCCQTests */,
			);
		};
/* End PBXProject section */

/* Begin PBXResourcesBuildPhase section */
		03952DD11B05CA120055D36B /* Resources */ = {
			isa = PBXResourcesBuildPhase;
			buildActionMask = 2147483647;
			files = (
				030A75911B0B270A008753C8 /* Banner1.png in Resources */,
				03952DE51B05CA120055D36B /* Main.storyboard in Resources */,
				030A75921B0B270A008753C8 /* Banner2.png in Resources */,
				03952DE71B05CA120055D36B /* Images.xcassets in Resources */,
				03242C3D1B0C5764006E8B82 /* AppKeFuResources.bundle in Resources */,
				030A75931B0B270A008753C8 /* Banner3.png in Resources */,
			);
			runOnlyForDeploymentPostprocessing = 0;
		};
		03952DED1B05CA130055D36B /* Resources */ = {
			isa = PBXResourcesBuildPhase;
			buildActionMask = 2147483647;
			files = (
			);
			runOnlyForDeploymentPostprocessing = 0;
		};
/* End PBXResourcesBuildPhase section */

/* Begin PBXSourcesBuildPhase section */
		03952DCF1B05CA120055D36B /* Sources */ = {
			isa = PBXSourcesBuildPhase;
			buildActionMask = 2147483647;
			files = (
				030A759B1B0B3F88008753C8 /* YCBaoKuanEntity.m in Sources */,
				030A759F1B0B41ED008753C8 /* YCBannerService.m in Sources */,
				03952DDC1B05CA120055D36B /* AppDelegate.m in Sources */,
				03952DD91B05CA120055D36B /* main.m in Sources */,
				03952E011B05DED00055D36B /* YCHomeViewController.m in Sources */,
				030A75A21B0B4211008753C8 /* YCCarService.m in Sources */,
				030A75971B0B3E53008753C8 /* YCBaoKuanCollectionViewCell.m in Sources */,
			);
			runOnlyForDeploymentPostprocessing = 0;
		};
		03952DEB1B05CA130055D36B /* Sources */ = {
			isa = PBXSourcesBuildPhase;
			buildActionMask = 2147483647;
			files = (
				03952DF61B05CA130055D36B /* YCCQTests.m in Sources */,
			);
			runOnlyForDeploymentPostprocessing = 0;
		};
/* End PBXSourcesBuildPhase section */

/* Begin PBXTargetDependency section */
		03952DF11B05CA130055D36B /* PBXTargetDependency */ = {
			isa = PBXTargetDependency;
			target = 03952DD21B05CA120055D36B /* YCCQ */;
			targetProxy = 03952DF01B05CA130055D36B /* PBXContainerItemProxy */;
		};
/* End PBXTargetDependency section */

/* Begin PBXVariantGroup section */
		03952DE31B05CA120055D36B /* Main.storyboard */ = {
			isa = PBXVariantGroup;
			children = (
				03952DE41B05CA120055D36B /* Base */,
			);
			name = Main.storyboard;
			sourceTree = "<group>";
		};
/* End PBXVariantGroup section */

/* Begin XCBuildConfiguration section */
		03952DF71B05CA130055D36B /* Debug */ = {
			isa = XCBuildConfiguration;
			buildSettings = {
				ALWAYS_SEARCH_USER_PATHS = NO;
				CLANG_CXX_LANGUAGE_STANDARD = "gnu++0x";
				CLANG_CXX_LIBRARY = "libc++";
				CLANG_ENABLE_MODULES = YES;
				CLANG_ENABLE_OBJC_ARC = YES;
				CLANG_WARN_BOOL_CONVERSION = YES;
				CLANG_WARN_CONSTANT_CONVERSION = YES;
				CLANG_WARN_DIRECT_OBJC_ISA_USAGE = YES_ERROR;
				CLANG_WARN_EMPTY_BODY = YES;
				CLANG_WARN_ENUM_CONVERSION = YES;
				CLANG_WARN_INT_CONVERSION = YES;
				CLANG_WARN_OBJC_ROOT_CLASS = YES_ERROR;
				CLANG_WARN_UNREACHABLE_CODE = YES;
				CLANG_WARN__DUPLICATE_METHOD_MATCH = YES;
				"CODE_SIGN_IDENTITY[sdk=iphoneos*]" = "iPhone Developer";
				COPY_PHASE_STRIP = NO;
				DEBUG_INFORMATION_FORMAT = "dwarf-with-dsym";
				ENABLE_STRICT_OBJC_MSGSEND = YES;
				GCC_C_LANGUAGE_STANDARD = gnu99;
				GCC_DYNAMIC_NO_PIC = NO;
				GCC_NO_COMMON_BLOCKS = YES;
				GCC_OPTIMIZATION_LEVEL = 0;
				GCC_PREPROCESSOR_DEFINITIONS = (
					"DEBUG=1",
					"$(inherited)",
				);
				GCC_SYMBOLS_PRIVATE_EXTERN = NO;
				GCC_WARN_64_TO_32_BIT_CONVERSION = YES;
				GCC_WARN_ABOUT_RETURN_TYPE = YES_ERROR;
				GCC_WARN_UNDECLARED_SELECTOR = YES;
				GCC_WARN_UNINITIALIZED_AUTOS = YES_AGGRESSIVE;
				GCC_WARN_UNUSED_FUNCTION = YES;
				GCC_WARN_UNUSED_VARIABLE = YES;
				IPHONEOS_DEPLOYMENT_TARGET = 8.3;
				MTL_ENABLE_DEBUG_INFO = YES;
				ONLY_ACTIVE_ARCH = YES;
				SDKROOT = iphoneos;
			};
			name = Debug;
		};
		03952DF81B05CA130055D36B /* Release */ = {
			isa = XCBuildConfiguration;
			buildSettings = {
				ALWAYS_SEARCH_USER_PATHS = NO;
				CLANG_CXX_LANGUAGE_STANDARD = "gnu++0x";
				CLANG_CXX_LIBRARY = "libc++";
				CLANG_ENABLE_MODULES = YES;
				CLANG_ENABLE_OBJC_ARC = YES;
				CLANG_WARN_BOOL_CONVERSION = YES;
				CLANG_WARN_CONSTANT_CONVERSION = YES;
				CLANG_WARN_DIRECT_OBJC_ISA_USAGE = YES_ERROR;
				CLANG_WARN_EMPTY_BODY = YES;
				CLANG_WARN_ENUM_CONVERSION = YES;
				CLANG_WARN_INT_CONVERSION = YES;
				CLANG_WARN_OBJC_ROOT_CLASS = YES_ERROR;
				CLANG_WARN_UNREACHABLE_CODE = YES;
				CLANG_WARN__DUPLICATE_METHOD_MATCH = YES;
				"CODE_SIGN_IDENTITY[sdk=iphoneos*]" = "iPhone Developer";
				COPY_PHASE_STRIP = NO;
				DEBUG_INFORMATION_FORMAT = "dwarf-with-dsym";
				ENABLE_NS_ASSERTIONS = NO;
				ENABLE_STRICT_OBJC_MSGSEND = YES;
				GCC_C_LANGUAGE_STANDARD = gnu99;
				GCC_NO_COMMON_BLOCKS = YES;
				GCC_WARN_64_TO_32_BIT_CONVERSION = YES;
				GCC_WARN_ABOUT_RETURN_TYPE = YES_ERROR;
				GCC_WARN_UNDECLARED_SELECTOR = YES;
				GCC_WARN_UNINITIALIZED_AUTOS = YES_AGGRESSIVE;
				GCC_WARN_UNUSED_FUNCTION = YES;
				GCC_WARN_UNUSED_VARIABLE = YES;
				IPHONEOS_DEPLOYMENT_TARGET = 8.3;
				MTL_ENABLE_DEBUG_INFO = NO;
				SDKROOT = iphoneos;
				VALIDATE_PRODUCT = YES;
			};
			name = Release;
		};
		03952DFA1B05CA130055D36B /* Debug */ = {
			isa = XCBuildConfiguration;
			buildSettings = {
				ASSETCATALOG_COMPILER_APPICON_NAME = AppIcon;
				ASSETCATALOG_COMPILER_LAUNCHIMAGE_NAME = LaunchImage;
				CODE_SIGN_IDENTITY = "iPhone Developer: cui feng (ELT565XH6R)";
				INFOPLIST_FILE = YCCQ/Info.plist;
				IPHONEOS_DEPLOYMENT_TARGET = 7.0;
				LD_RUNPATH_SEARCH_PATHS = "$(inherited) @executable_path/Frameworks";
				LIBRARY_SEARCH_PATHS = (
					"$(inherited)",
					"$(PROJECT_DIR)/YCCQ/Lib/AppKeFuLib",
				);
				OTHER_LDFLAGS = (
					"-all_load",
					"-lstdc++",
				);
				PRODUCT_NAME = "$(TARGET_NAME)";
			};
			name = Debug;
		};
		03952DFB1B05CA130055D36B /* Release */ = {
			isa = XCBuildConfiguration;
			buildSettings = {
				ASSETCATALOG_COMPILER_APPICON_NAME = AppIcon;
				ASSETCATALOG_COMPILER_LAUNCHIMAGE_NAME = LaunchImage;
				CODE_SIGN_IDENTITY = "iPhone Developer";
				INFOPLIST_FILE = YCCQ/Info.plist;
				IPHONEOS_DEPLOYMENT_TARGET = 7.0;
				LD_RUNPATH_SEARCH_PATHS = "$(inherited) @executable_path/Frameworks";
				LIBRARY_SEARCH_PATHS = (
					"$(inherited)",
					"$(PROJECT_DIR)/YCCQ/Lib/AppKeFuLib",
				);
				OTHER_LDFLAGS = (
					"-all_load",
					"-lstdc++",
				);
				PRODUCT_NAME = "$(TARGET_NAME)";
			};
			name = Release;
		};
		03952DFD1B05CA130055D36B /* Debug */ = {
			isa = XCBuildConfiguration;
			buildSettings = {
				BUNDLE_LOADER = "$(TEST_HOST)";
				FRAMEWORK_SEARCH_PATHS = (
					"$(SDKROOT)/Developer/Library/Frameworks",
					"$(inherited)",
				);
				GCC_PREPROCESSOR_DEFINITIONS = (
					"DEBUG=1",
					"$(inherited)",
				);
				INFOPLIST_FILE = YCCQTests/Info.plist;
				LD_RUNPATH_SEARCH_PATHS = "$(inherited) @executable_path/Frameworks @loader_path/Frameworks";
				PRODUCT_NAME = "$(TARGET_NAME)";
				TEST_HOST = "$(BUILT_PRODUCTS_DIR)/YCCQ.app/YCCQ";
			};
			name = Debug;
		};
		03952DFE1B05CA130055D36B /* Release */ = {
			isa = XCBuildConfiguration;
			buildSettings = {
				BUNDLE_LOADER = "$(TEST_HOST)";
				FRAMEWORK_SEARCH_PATHS = (
					"$(SDKROOT)/Developer/Library/Frameworks",
					"$(inherited)",
				);
				INFOPLIST_FILE = YCCQTests/Info.plist;
				LD_RUNPATH_SEARCH_PATHS = "$(inherited) @executable_path/Frameworks @loader_path/Frameworks";
				PRODUCT_NAME = "$(TARGET_NAME)";
				TEST_HOST = "$(BUILT_PRODUCTS_DIR)/YCCQ.app/YCCQ";
			};
			name = Release;
		};
/* End XCBuildConfiguration section */

/* Begin XCConfigurationList section */
		03952DCE1B05CA120055D36B /* Build configuration list for PBXProject "YCCQ" */ = {
			isa = XCConfigurationList;
			buildConfigurations = (
				03952DF71B05CA130055D36B /* Debug */,
				03952DF81B05CA130055D36B /* Release */,
			);
			defaultConfigurationIsVisible = 0;
			defaultConfigurationName = Release;
		};
		03952DF91B05CA130055D36B /* Build configuration list for PBXNativeTarget "YCCQ" */ = {
			isa = XCConfigurationList;
			buildConfigurations = (
				03952DFA1B05CA130055D36B /* Debug */,
				03952DFB1B05CA130055D36B /* Release */,
			);
			defaultConfigurationIsVisible = 0;
			defaultConfigurationName = Release;
		};
		03952DFC1B05CA130055D36B /* Build configuration list for PBXNativeTarget "YCCQTests" */ = {
			isa = XCConfigurationList;
			buildConfigurations = (
				03952DFD1B05CA130055D36B /* Debug */,
				03952DFE1B05CA130055D36B /* Release */,
			);
			defaultConfigurationIsVisible = 0;
			defaultConfigurationName = Release;
		};
/* End XCConfigurationList section */
	};
	rootObject = 03952DCB1B05CA120055D36B /* Project object */;
}
